
Microsoft Visual Studio Solution File, Format Version 12.00
# Visual Studio Version 16
VisualStudioVersion = 16.0.30011.22
MinimumVisualStudioVersion = 10.0.40219.1
Project("{9A19103F-16F7-4668-BE54-9A1E7A4F7556}") = "PractiseTest", "PractiseTest\PractiseTest.csproj", "{FA758CFC-9D15-4F4A-9B76-2D51F0377A38}"
EndProject
Project("{9A19103F-16F7-4668-BE54-9A1E7A4F7556}") = "WebApiTest", "WebApiTest\WebApiTest.csproj", "{1F97F0DD-58B6-4BB3-BE23-714AB36EAF39}"
EndProject
Project("{9A19103F-16F7-4668-BE54-9A1E7A4F7556}") = "Sample01", "Sample01\Sample01.csproj", "{3E7DCC71-6418-41F0-A82F-88566D1BF62D}"
EndProject
Project("{9A19103F-16F7-4668-BE54-9A1E7A4F7556}") = "Sample02", "Sample02\Sample02.csproj", "{C6B0C867-46C1-4EC3-91FA-3A6B82739AE3}"
EndProject
Project("{9A19103F-16F7-4668-BE54-9A1E7A4F7556}") = "Sample03", "Sample3\Sample03.csproj", "{A6F142E2-DBAF-4373-A19A-7E8A6FC67466}"
EndProject
Project("{FAE04EC0-301F-11D3-BF4B-00C04F79EFBC}") = "MyTest", "MyTest\MyTest.csproj", "{4F776E7B-B3EE-4A06-89BD-0DF07A3A5861}"
EndProject
Global
	GlobalSection(SolutionConfigurationPlatforms) = preSolution
		Debug|Any CPU = Debug|Any CPU
		Release|Any CPU = Release|Any CPU
	EndGlobalSection
	GlobalSection(ProjectConfigurationPlatforms) = postSolution
		{FA758CFC-9D15-4F4A-9B76-2D51F0377A38}.Debug|Any CPU.ActiveCfg = Debug|Any CPU
		{FA758CFC-9D15-4F4A-9B76-2D51F0377A38}.Debug|Any CPU.Build.0 = Debug|Any CPU
		{FA758CFC-9D15-4F4A-9B76-2D51F0377A38}.Release|Any CPU.ActiveCfg = Release|Any CPU
		{FA758CFC-9D15-4F4A-9B76-2D51F0377A38}.Release|Any CPU.Build.0 = Release|Any CPU
		{1F97F0DD-58B6-4BB3-BE23-714AB36EAF39}.Debug|Any CPU.ActiveCfg = Debug|Any CPU
		{1F97F0DD-58B6-4BB3-BE23-714AB36EAF39}.Debug|Any CPU.Build.0 = Debug|Any CPU
		{1F97F0DD-58B6-4BB3-BE23-714AB36EAF39}.Release|Any CPU.ActiveCfg = Release|Any CPU
		{1F97F0DD-58B6-4BB3-BE23-714AB36EAF39}.Release|Any CPU.Build.0 = Release|Any CPU
		{3E7DCC71-6418-41F0-A82F-88566D1BF62D}.Debug|Any CPU.ActiveCfg = Debug|Any CPU
		{3E7DCC71-6418-41F0-A82F-88566D1BF62D}.Debug|Any CPU.Build.0 = Debug|Any CPU
		{3E7DCC71-6418-41F0-A82F-88566D1BF62D}.Release|Any CPU.ActiveCfg = Release|Any CPU
		{3E7DCC71-6418-41F0-A82F-88566D1BF62D}.Release|Any CPU.Build.0 = Release|Any CPU
		{C6B0C867-46C1-4EC3-91FA-3A6B82739AE3}.Debug|Any CPU.ActiveCfg = Debug|Any CPU
		{C6B0C867-46C1-4EC3-91FA-3A6B82739AE3}.Debug|Any CPU.Build.0 = Debug|Any CPU
		{C6B0C867-46C1-4EC3-91FA-3A6B82739AE3}.Release|Any CPU.ActiveCfg = Release|Any CPU
		{C6B0C867-46C1-4EC3-91FA-3A6B82739AE3}.Release|Any CPU.Build.0 = Release|Any CPU
		{A6F142E2-DBAF-4373-A19A-7E8A6FC67466}.Debug|Any CPU.ActiveCfg = Debug|Any CPU
		{A6F142E2-DBAF-4373-A19A-7E8A6FC67466}.Debug|Any CPU.Build.0 = Debug|Any CPU
		{A6F142E2-DBAF-4373-A19A-7E8A6FC67466}.Release|Any CPU.ActiveCfg = Release|Any CPU
		{A6F142E2-DBAF-4373-A19A-7E8A6FC67466}.Release|Any CPU.Build.0 = Release|Any CPU
		{4F776E7B-B3EE-4A06-89BD-0DF07A3A5861}.Debug|Any CPU.ActiveCfg = Debug|Any CPU
		{4F776E7B-B3EE-4A06-89BD-0DF07A3A5861}.Debug|Any CPU.Build.0 = Debug|Any CPU
		{4F776E7B-B3EE-4A06-89BD-0DF07A3A5861}.Release|Any CPU.ActiveCfg = Release|Any CPU
		{4F776E7B-B3EE-4A06-89BD-0DF07A3A5861}.Release|Any CPU.Build.0 = Release|Any CPU
	EndGlobalSection
	GlobalSection(SolutionProperties) = preSolution
		HideSolutionNode = FALSE
	EndGlobalSection
	GlobalSection(ExtensibilityGlobals) = postSolution
		SolutionGuid = {BB543369-9ADB-4EC2-B160-7E97107753AD}
	EndGlobalSection
EndGlobal
